
Microsoft Visual Studio Solution File, Format Version 12.00
# Visual Studio 2013
VisualStudioVersion = 12.0.21005.1
MinimumVisualStudioVersion = 10.0.40219.1
Project("{FAE04EC0-301F-11D3-BF4B-00C04F79EFBC}") = "Security", "Security\Security.csproj", "{2B768CD3-3EDD-47DC-B2BB-5D142776313F}"
EndProject
Global
	GlobalSection(SolutionConfigurationPlatforms) = preSolution
		Debug|Any CPU = Debug|Any CPU
		Release|Any CPU = Release|Any CPU
	EndGlobalSection
	GlobalSection(ProjectConfigurationPlatforms) = postSolution
		{2B768CD3-3EDD-47DC-B2BB-5D142776313F}.Debug|Any CPU.ActiveCfg = Debug|Any CPU
		{2B768CD3-3EDD-47DC-B2BB-5D142776313F}.Debug|Any CPU.Build.0 = Debug|Any CPU
		{2B768CD3-3EDD-47DC-B2BB-5D142776313F}.Release|Any CPU.ActiveCfg = Release|Any CPU
		{2B768CD3-3EDD-47DC-B2BB-5D142776313F}.Release|Any CPU.Build.0 = Release|Any CPU
	EndGlobalSection
	GlobalSection(SolutionProperties) = preSolution
		HideSolutionNode = FALSE
	EndGlobalSection
EndGlobal
